// !$*UTF8*$!
{
	archiveVersion = 1;
	classes = {
	};
	objectVersion = 42;
	objects = {

/* Begin PBXBuildFile section */
		272BD524164CFA270047E7EB /* ofxAssimpModelLoader.cpp in Sources */ = {isa = PBXBuildFile; fileRef = 272BD4F7164CFA270047E7EB /* ofxAssimpModelLoader.cpp */; };
		2768D395164CFA5800A990A6 /* ofApp.cpp in Sources */ = {isa = PBXBuildFile; fileRef = 2768D393164CFA5800A990A6 /* ofApp.cpp */; };
		27851541164F4286000AF510 /* Speaker.cpp in Sources */ = {isa = PBXBuildFile; fileRef = 2785153F164F4286000AF510 /* Speaker.cpp */; };
		278517D31650282E000AF510 /* CoreMIDI.framework in Frameworks */ = {isa = PBXBuildFile; fileRef = 278517D21650282E000AF510 /* CoreMIDI.framework */; };
		2785189D16503AED000AF510 /* ofxRtMidiIn.cpp in Sources */ = {isa = PBXBuildFile; fileRef = 2785187316503AED000AF510 /* ofxRtMidiIn.cpp */; };
		2785189E16503AED000AF510 /* ofxRtMidiOut.cpp in Sources */ = {isa = PBXBuildFile; fileRef = 2785187516503AED000AF510 /* ofxRtMidiOut.cpp */; };
		2785189F16503AED000AF510 /* RtMidi.cpp in Sources */ = {isa = PBXBuildFile; fileRef = 2785187A16503AED000AF510 /* RtMidi.cpp */; };
		278518A816503AED000AF510 /* ofxBaseMidi.cpp in Sources */ = {isa = PBXBuildFile; fileRef = 2785189116503AED000AF510 /* ofxBaseMidi.cpp */; };
		278518A916503AED000AF510 /* ofxMidi.cpp in Sources */ = {isa = PBXBuildFile; fileRef = 2785189316503AED000AF510 /* ofxMidi.cpp */; };
		278518AA16503AED000AF510 /* ofxMidiIn.cpp in Sources */ = {isa = PBXBuildFile; fileRef = 2785189616503AED000AF510 /* ofxMidiIn.cpp */; };
		278518AB16503AED000AF510 /* ofxMidiMessage.cpp in Sources */ = {isa = PBXBuildFile; fileRef = 2785189816503AED000AF510 /* ofxMidiMessage.cpp */; };
		278518AC16503AED000AF510 /* ofxMidiOut.cpp in Sources */ = {isa = PBXBuildFile; fileRef = 2785189A16503AED000AF510 /* ofxMidiOut.cpp */; };
		278518ED165046D2000AF510 /* IpEndpointName.cpp in Sources */ = {isa = PBXBuildFile; fileRef = 278518C9165046D2000AF510 /* IpEndpointName.cpp */; };
		278518EE165046D2000AF510 /* NetworkingUtils.cpp in Sources */ = {isa = PBXBuildFile; fileRef = 278518CE165046D2000AF510 /* NetworkingUtils.cpp */; };
		278518EF165046D2000AF510 /* UdpSocket.cpp in Sources */ = {isa = PBXBuildFile; fileRef = 278518CF165046D2000AF510 /* UdpSocket.cpp */; };
		278518F0165046D2000AF510 /* NetworkingUtilsWin.cpp in Sources */ = {isa = PBXBuildFile; fileRef = 278518D3165046D2000AF510 /* NetworkingUtilsWin.cpp */; };
		278518F1165046D2000AF510 /* UdpSocketWin.cpp in Sources */ = {isa = PBXBuildFile; fileRef = 278518D4165046D2000AF510 /* UdpSocketWin.cpp */; };
		278518F2165046D2000AF510 /* OscOutboundPacketStream.cpp in Sources */ = {isa = PBXBuildFile; fileRef = 278518D9165046D2000AF510 /* OscOutboundPacketStream.cpp */; };
		278518F3165046D2000AF510 /* OscPrintReceivedElements.cpp in Sources */ = {isa = PBXBuildFile; fileRef = 278518DC165046D2000AF510 /* OscPrintReceivedElements.cpp */; };
		278518F4165046D2000AF510 /* OscReceivedElements.cpp in Sources */ = {isa = PBXBuildFile; fileRef = 278518DE165046D2000AF510 /* OscReceivedElements.cpp */; };
		278518F5165046D2000AF510 /* OscTypes.cpp in Sources */ = {isa = PBXBuildFile; fileRef = 278518E0165046D2000AF510 /* OscTypes.cpp */; };
		278518F6165046D2000AF510 /* ofxOscBundle.cpp in Sources */ = {isa = PBXBuildFile; fileRef = 278518E5165046D2000AF510 /* ofxOscBundle.cpp */; };
		278518F7165046D2000AF510 /* ofxOscMessage.cpp in Sources */ = {isa = PBXBuildFile; fileRef = 278518E7165046D2000AF510 /* ofxOscMessage.cpp */; };
		278518F8165046D2000AF510 /* ofxOscReceiver.cpp in Sources */ = {isa = PBXBuildFile; fileRef = 278518E9165046D2000AF510 /* ofxOscReceiver.cpp */; };
		278518F9165046D2000AF510 /* ofxOscSender.cpp in Sources */ = {isa = PBXBuildFile; fileRef = 278518EB165046D2000AF510 /* ofxOscSender.cpp */; };
		2785199516505520000AF510 /* MiniFont.cpp in Sources */ = {isa = PBXBuildFile; fileRef = 2785199416505520000AF510 /* MiniFont.cpp */; };
		BBAB23CB13894F3D00AA2426 /* GLUT.framework in CopyFiles */ = {isa = PBXBuildFile; fileRef = BBAB23BE13894E4700AA2426 /* GLUT.framework */; };
		E4328149138ABC9F0047C5CB /* openFrameworks.a in Frameworks */ = {isa = PBXBuildFile; fileRef = E4328148138ABC890047C5CB /* openFrameworks.a */; };
		E45BE97B0E8CC7DD009D7055 /* AGL.framework in Frameworks */ = {isa = PBXBuildFile; fileRef = E45BE9710E8CC7DD009D7055 /* AGL.framework */; };
		E45BE97C0E8CC7DD009D7055 /* ApplicationServices.framework in Frameworks */ = {isa = PBXBuildFile; fileRef = E45BE9720E8CC7DD009D7055 /* ApplicationServices.framework */; };
		E45BE97D0E8CC7DD009D7055 /* AudioToolbox.framework in Frameworks */ = {isa = PBXBuildFile; fileRef = E45BE9730E8CC7DD009D7055 /* AudioToolbox.framework */; };
		E45BE97E0E8CC7DD009D7055 /* Carbon.framework in Frameworks */ = {isa = PBXBuildFile; fileRef = E45BE9740E8CC7DD009D7055 /* Carbon.framework */; };
		E45BE97F0E8CC7DD009D7055 /* CoreAudio.framework in Frameworks */ = {isa = PBXBuildFile; fileRef = E45BE9750E8CC7DD009D7055 /* CoreAudio.framework */; };
		E45BE9800E8CC7DD009D7055 /* CoreFoundation.framework in Frameworks */ = {isa = PBXBuildFile; fileRef = E45BE9760E8CC7DD009D7055 /* CoreFoundation.framework */; };
		E45BE9810E8CC7DD009D7055 /* CoreServices.framework in Frameworks */ = {isa = PBXBuildFile; fileRef = E45BE9770E8CC7DD009D7055 /* CoreServices.framework */; };
		E45BE9830E8CC7DD009D7055 /* OpenGL.framework in Frameworks */ = {isa = PBXBuildFile; fileRef = E45BE9790E8CC7DD009D7055 /* OpenGL.framework */; };
		E45BE9840E8CC7DD009D7055 /* QuickTime.framework in Frameworks */ = {isa = PBXBuildFile; fileRef = E45BE97A0E8CC7DD009D7055 /* QuickTime.framework */; };
		E4B69E200A3A1BDC003C02F2 /* main.cpp in Sources */ = {isa = PBXBuildFile; fileRef = E4B69E1D0A3A1BDC003C02F2 /* main.cpp */; };
		E4C2424710CC5A17004149E2 /* AppKit.framework in Frameworks */ = {isa = PBXBuildFile; fileRef = E4C2424410CC5A17004149E2 /* AppKit.framework */; };
		E4C2424810CC5A17004149E2 /* Cocoa.framework in Frameworks */ = {isa = PBXBuildFile; fileRef = E4C2424510CC5A17004149E2 /* Cocoa.framework */; };
		E4C2424910CC5A17004149E2 /* IOKit.framework in Frameworks */ = {isa = PBXBuildFile; fileRef = E4C2424610CC5A17004149E2 /* IOKit.framework */; };
		E4EB6799138ADC1D00A09F29 /* GLUT.framework in Frameworks */ = {isa = PBXBuildFile; fileRef = BBAB23BE13894E4700AA2426 /* GLUT.framework */; };
		E7E077E515D3B63C0020DFD4 /* CoreVideo.framework in Frameworks */ = {isa = PBXBuildFile; fileRef = E7E077E415D3B63C0020DFD4 /* CoreVideo.framework */; };
		E7E077E815D3B6510020DFD4 /* QTKit.framework in Frameworks */ = {isa = PBXBuildFile; fileRef = E7E077E715D3B6510020DFD4 /* QTKit.framework */; };
		E7F985F815E0DEA3003869B5 /* Accelerate.framework in Frameworks */ = {isa = PBXBuildFile; fileRef = E7F985F515E0DE99003869B5 /* Accelerate.framework */; };
/* End PBXBuildFile section */

/* Begin PBXContainerItemProxy section */
		E4328147138ABC890047C5CB /* PBXContainerItemProxy */ = {
			isa = PBXContainerItemProxy;
			containerPortal = E4328143138ABC890047C5CB /* openFrameworksLib.xcodeproj */;
			proxyType = 2;
			remoteGlobalIDString = E4B27C1510CBEB8E00536013;
			remoteInfo = openFrameworks;
		};
		E4EEB9AB138B136A00A80321 /* PBXContainerItemProxy */ = {
			isa = PBXContainerItemProxy;
			containerPortal = E4328143138ABC890047C5CB /* openFrameworksLib.xcodeproj */;
			proxyType = 1;
			remoteGlobalIDString = E4B27C1410CBEB8E00536013;
			remoteInfo = openFrameworks;
		};
/* End PBXContainerItemProxy section */

/* Begin PBXCopyFilesBuildPhase section */
		E4C2427710CC5ABF004149E2 /* CopyFiles */ = {
			isa = PBXCopyFilesBuildPhase;
			buildActionMask = 2147483647;
			dstPath = "";
			dstSubfolderSpec = 10;
			files = (
				BBAB23CB13894F3D00AA2426 /* GLUT.framework in CopyFiles */,
			);
			runOnlyForDeploymentPostprocessing = 0;
		};
/* End PBXCopyFilesBuildPhase section */

/* Begin PBXFileReference section */
		272BD4F5164CFA270047E7EB /* ofx3DBaseLoader.h */ = {isa = PBXFileReference; explicitFileType = sourcecode.c.h; fileEncoding = 30; name = ofx3DBaseLoader.h; path = ../../../addons/ofxAssimpModelLoader/src/ofx3DBaseLoader.h; sourceTree = SOURCE_ROOT; };
		272BD4F6164CFA270047E7EB /* ofxAssimpMeshHelper.h */ = {isa = PBXFileReference; explicitFileType = sourcecode.c.h; fileEncoding = 30; name = ofxAssimpMeshHelper.h; path = ../../../addons/ofxAssimpModelLoader/src/ofxAssimpMeshHelper.h; sourceTree = SOURCE_ROOT; };
		272BD4F7164CFA270047E7EB /* ofxAssimpModelLoader.cpp */ = {isa = PBXFileReference; explicitFileType = sourcecode.cpp.cpp; fileEncoding = 30; name = ofxAssimpModelLoader.cpp; path = ../../../addons/ofxAssimpModelLoader/src/ofxAssimpModelLoader.cpp; sourceTree = SOURCE_ROOT; };
		272BD4F8164CFA270047E7EB /* ofxAssimpModelLoader.h */ = {isa = PBXFileReference; explicitFileType = sourcecode.c.h; fileEncoding = 30; name = ofxAssimpModelLoader.h; path = ../../../addons/ofxAssimpModelLoader/src/ofxAssimpModelLoader.h; sourceTree = SOURCE_ROOT; };
		272BD4FA164CFA270047E7EB /* aiAnim.h */ = {isa = PBXFileReference; explicitFileType = sourcecode.c.h; fileEncoding = 30; name = aiAnim.h; path = ../../../addons/ofxAssimpModelLoader/libs/assimp/include/aiAnim.h; sourceTree = SOURCE_ROOT; };
		272BD4FB164CFA270047E7EB /* aiAssert.h */ = {isa = PBXFileReference; explicitFileType = sourcecode.c.h; fileEncoding = 30; name = aiAssert.h; path = ../../../addons/ofxAssimpModelLoader/libs/assimp/include/aiAssert.h; sourceTree = SOURCE_ROOT; };
		272BD4FC164CFA270047E7EB /* aiCamera.h */ = {isa = PBXFileReference; explicitFileType = sourcecode.c.h; fileEncoding = 30; name = aiCamera.h; path = ../../../addons/ofxAssimpModelLoader/libs/assimp/include/aiCamera.h; sourceTree = SOURCE_ROOT; };
		272BD4FD164CFA270047E7EB /* aiColor4D.h */ = {isa = PBXFileReference; explicitFileType = sourcecode.c.h; fileEncoding = 30; name = aiColor4D.h; path = ../../../addons/ofxAssimpModelLoader/libs/assimp/include/aiColor4D.h; sourceTree = SOURCE_ROOT; };
		272BD4FE164CFA270047E7EB /* aiConfig.h */ = {isa = PBXFileReference; explicitFileType = sourcecode.c.h; fileEncoding = 30; name = aiConfig.h; path = ../../../addons/ofxAssimpModelLoader/libs/assimp/include/aiConfig.h; sourceTree = SOURCE_ROOT; };
		272BD4FF164CFA270047E7EB /* aiDefines.h */ = {isa = PBXFileReference; explicitFileType = sourcecode.c.h; fileEncoding = 30; name = aiDefines.h; path = ../../../addons/ofxAssimpModelLoader/libs/assimp/include/aiDefines.h; sourceTree = SOURCE_ROOT; };
		272BD500164CFA270047E7EB /* aiFileIO.h */ = {isa = PBXFileReference; explicitFileType = sourcecode.c.h; fileEncoding = 30; name = aiFileIO.h; path = ../../../addons/ofxAssimpModelLoader/libs/assimp/include/aiFileIO.h; sourceTree = SOURCE_ROOT; };
		272BD501164CFA270047E7EB /* aiLight.h */ = {isa = PBXFileReference; explicitFileType = sourcecode.c.h; fileEncoding = 30; name = aiLight.h; path = ../../../addons/ofxAssimpModelLoader/libs/assimp/include/aiLight.h; sourceTree = SOURCE_ROOT; };
		272BD502164CFA270047E7EB /* aiMaterial.h */ = {isa = PBXFileReference; explicitFileType = sourcecode.c.h; fileEncoding = 30; name = aiMaterial.h; path = ../../../addons/ofxAssimpModelLoader/libs/assimp/include/aiMaterial.h; sourceTree = SOURCE_ROOT; };
		272BD503164CFA270047E7EB /* aiMatrix3x3.h */ = {isa = PBXFileReference; explicitFileType = sourcecode.c.h; fileEncoding = 30; name = aiMatrix3x3.h; path = ../../../addons/ofxAssimpModelLoader/libs/assimp/include/aiMatrix3x3.h; sourceTree = SOURCE_ROOT; };
		272BD504164CFA270047E7EB /* aiMatrix4x4.h */ = {isa = PBXFileReference; explicitFileType = sourcecode.c.h; fileEncoding = 30; name = aiMatrix4x4.h; path = ../../../addons/ofxAssimpModelLoader/libs/assimp/include/aiMatrix4x4.h; sourceTree = SOURCE_ROOT; };
		272BD505164CFA270047E7EB /* aiMesh.h */ = {isa = PBXFileReference; explicitFileType = sourcecode.c.h; fileEncoding = 30; name = aiMesh.h; path = ../../../addons/ofxAssimpModelLoader/libs/assimp/include/aiMesh.h; sourceTree = SOURCE_ROOT; };
		272BD506164CFA270047E7EB /* aiPostProcess.h */ = {isa = PBXFileReference; explicitFileType = sourcecode.c.h; fileEncoding = 30; name = aiPostProcess.h; path = ../../../addons/ofxAssimpModelLoader/libs/assimp/include/aiPostProcess.h; sourceTree = SOURCE_ROOT; };
		272BD507164CFA270047E7EB /* aiQuaternion.h */ = {isa = PBXFileReference; explicitFileType = sourcecode.c.h; fileEncoding = 30; name = aiQuaternion.h; path = ../../../addons/ofxAssimpModelLoader/libs/assimp/include/aiQuaternion.h; sourceTree = SOURCE_ROOT; };
		272BD508164CFA270047E7EB /* aiScene.h */ = {isa = PBXFileReference; explicitFileType = sourcecode.c.h; fileEncoding = 30; name = aiScene.h; path = ../../../addons/ofxAssimpModelLoader/libs/assimp/include/aiScene.h; sourceTree = SOURCE_ROOT; };
		272BD509164CFA270047E7EB /* aiTexture.h */ = {isa = PBXFileReference; explicitFileType = sourcecode.c.h; fileEncoding = 30; name = aiTexture.h; path = ../../../addons/ofxAssimpModelLoader/libs/assimp/include/aiTexture.h; sourceTree = SOURCE_ROOT; };
		272BD50A164CFA270047E7EB /* aiTypes.h */ = {isa = PBXFileReference; explicitFileType = sourcecode.c.h; fileEncoding = 30; name = aiTypes.h; path = ../../../addons/ofxAssimpModelLoader/libs/assimp/include/aiTypes.h; sourceTree = SOURCE_ROOT; };
		272BD50B164CFA270047E7EB /* aiVector2D.h */ = {isa = PBXFileReference; explicitFileType = sourcecode.c.h; fileEncoding = 30; name = aiVector2D.h; path = ../../../addons/ofxAssimpModelLoader/libs/assimp/include/aiVector2D.h; sourceTree = SOURCE_ROOT; };
		272BD50C164CFA270047E7EB /* aiVector3D.h */ = {isa = PBXFileReference; explicitFileType = sourcecode.c.h; fileEncoding = 30; name = aiVector3D.h; path = ../../../addons/ofxAssimpModelLoader/libs/assimp/include/aiVector3D.h; sourceTree = SOURCE_ROOT; };
		272BD50D164CFA270047E7EB /* aiVersion.h */ = {isa = PBXFileReference; explicitFileType = sourcecode.c.h; fileEncoding = 30; name = aiVersion.h; path = ../../../addons/ofxAssimpModelLoader/libs/assimp/include/aiVersion.h; sourceTree = SOURCE_ROOT; };
		272BD50E164CFA270047E7EB /* assimp.h */ = {isa = PBXFileReference; explicitFileType = sourcecode.c.h; fileEncoding = 30; name = assimp.h; path = ../../../addons/ofxAssimpModelLoader/libs/assimp/include/assimp.h; sourceTree = SOURCE_ROOT; };
		272BD50F164CFA270047E7EB /* assimp.hpp */ = {isa = PBXFileReference; explicitFileType = sourcecode.c.h; fileEncoding = 30; name = assimp.hpp; path = ../../../addons/ofxAssimpModelLoader/libs/assimp/include/assimp.hpp; sourceTree = SOURCE_ROOT; };
		272BD510164CFA270047E7EB /* poppack1.h */ = {isa = PBXFileReference; explicitFileType = sourcecode.c.h; fileEncoding = 30; name = poppack1.h; path = ../../../addons/ofxAssimpModelLoader/libs/assimp/include/Compiler/poppack1.h; sourceTree = SOURCE_ROOT; };
		272BD511164CFA270047E7EB /* pushpack1.h */ = {isa = PBXFileReference; explicitFileType = sourcecode.c.h; fileEncoding = 30; name = pushpack1.h; path = ../../../addons/ofxAssimpModelLoader/libs/assimp/include/Compiler/pushpack1.h; sourceTree = SOURCE_ROOT; };
		272BD513164CFA270047E7EB /* DefaultLogger.h */ = {isa = PBXFileReference; explicitFileType = sourcecode.c.h; fileEncoding = 30; name = DefaultLogger.h; path = ../../../addons/ofxAssimpModelLoader/libs/assimp/include/DefaultLogger.h; sourceTree = SOURCE_ROOT; };
		272BD514164CFA270047E7EB /* IOStream.h */ = {isa = PBXFileReference; explicitFileType = sourcecode.c.h; fileEncoding = 30; name = IOStream.h; path = ../../../addons/ofxAssimpModelLoader/libs/assimp/include/IOStream.h; sourceTree = SOURCE_ROOT; };
		272BD515164CFA270047E7EB /* IOSystem.h */ = {isa = PBXFileReference; explicitFileType = sourcecode.c.h; fileEncoding = 30; name = IOSystem.h; path = ../../../addons/ofxAssimpModelLoader/libs/assimp/include/IOSystem.h; sourceTree = SOURCE_ROOT; };
		272BD516164CFA270047E7EB /* Logger.h */ = {isa = PBXFileReference; explicitFileType = sourcecode.c.h; fileEncoding = 30; name = Logger.h; path = ../../../addons/ofxAssimpModelLoader/libs/assimp/include/Logger.h; sourceTree = SOURCE_ROOT; };
		272BD517164CFA270047E7EB /* LogStream.h */ = {isa = PBXFileReference; explicitFileType = sourcecode.c.h; fileEncoding = 30; name = LogStream.h; path = ../../../addons/ofxAssimpModelLoader/libs/assimp/include/LogStream.h; sourceTree = SOURCE_ROOT; };
		272BD518164CFA270047E7EB /* NullLogger.h */ = {isa = PBXFileReference; explicitFileType = sourcecode.c.h; fileEncoding = 30; name = NullLogger.h; path = ../../../addons/ofxAssimpModelLoader/libs/assimp/include/NullLogger.h; sourceTree = SOURCE_ROOT; };
		272BD519164CFA270047E7EB /* ProgressHandler.h */ = {isa = PBXFileReference; explicitFileType = sourcecode.c.h; fileEncoding = 30; name = ProgressHandler.h; path = ../../../addons/ofxAssimpModelLoader/libs/assimp/include/ProgressHandler.h; sourceTree = SOURCE_ROOT; };
		2768D393164CFA5800A990A6 /* ofApp.cpp */ = {isa = PBXFileReference; fileEncoding = 4; lastKnownFileType = sourcecode.cpp.cpp; name = ofApp.cpp; path = src/ofApp.cpp; sourceTree = SOURCE_ROOT; };
		2768D394164CFA5800A990A6 /* ofApp.h */ = {isa = PBXFileReference; fileEncoding = 4; lastKnownFileType = sourcecode.c.h; name = ofApp.h; path = src/ofApp.h; sourceTree = SOURCE_ROOT; };
		2785153F164F4286000AF510 /* Speaker.cpp */ = {isa = PBXFileReference; fileEncoding = 4; lastKnownFileType = sourcecode.cpp.cpp; path = Speaker.cpp; sourceTree = "<group>"; };
		27851540164F4286000AF510 /* Speaker.h */ = {isa = PBXFileReference; fileEncoding = 4; lastKnownFileType = sourcecode.c.h; path = Speaker.h; sourceTree = "<group>"; };
		27851542164F4376000AF510 /* Conversion.h */ = {isa = PBXFileReference; fileEncoding = 4; lastKnownFileType = sourcecode.c.h; name = Conversion.h; path = src/Conversion.h; sourceTree = SOURCE_ROOT; };
		278517D21650282E000AF510 /* CoreMIDI.framework */ = {isa = PBXFileReference; lastKnownFileType = wrapper.framework; name = CoreMIDI.framework; path = ../../../../../../../System/Library/Frameworks/CoreMIDI.framework; sourceTree = SOURCE_ROOT; };
		278518091650314E000AF510 /* DelayTimer.h */ = {isa = PBXFileReference; fileEncoding = 4; lastKnownFileType = sourcecode.c.h; name = DelayTimer.h; path = ../../../addons/ofxTiming/src/DelayTimer.h; sourceTree = SOURCE_ROOT; };
		2785180A1650314E000AF510 /* FadeTimer.h */ = {isa = PBXFileReference; fileEncoding = 4; lastKnownFileType = sourcecode.c.h; name = FadeTimer.h; path = ../../../addons/ofxTiming/src/FadeTimer.h; sourceTree = SOURCE_ROOT; };
		2785180B1650314E000AF510 /* Hysteresis.h */ = {isa = PBXFileReference; fileEncoding = 4; lastKnownFileType = sourcecode.c.h; name = Hysteresis.h; path = ../../../addons/ofxTiming/src/Hysteresis.h; sourceTree = SOURCE_ROOT; };
		2785180C1650314E000AF510 /* ofxTiming.h */ = {isa = PBXFileReference; fileEncoding = 4; lastKnownFileType = sourcecode.c.h; name = ofxTiming.h; path = ../../../addons/ofxTiming/src/ofxTiming.h; sourceTree = SOURCE_ROOT; };
		2785180D1650314E000AF510 /* RateTimer.h */ = {isa = PBXFileReference; fileEncoding = 4; lastKnownFileType = sourcecode.c.h; name = RateTimer.h; path = ../../../addons/ofxTiming/src/RateTimer.h; sourceTree = SOURCE_ROOT; };
		2785187316503AED000AF510 /* ofxRtMidiIn.cpp */ = {isa = PBXFileReference; fileEncoding = 4; lastKnownFileType = sourcecode.cpp.cpp; name = ofxRtMidiIn.cpp; path = ../../../addons/ofxMidi/src/desktop/ofxRtMidiIn.cpp; sourceTree = SOURCE_ROOT; };
		2785187416503AED000AF510 /* ofxRtMidiIn.h */ = {isa = PBXFileReference; fileEncoding = 4; lastKnownFileType = sourcecode.c.h; name = ofxRtMidiIn.h; path = ../../../addons/ofxMidi/src/desktop/ofxRtMidiIn.h; sourceTree = SOURCE_ROOT; };
		2785187516503AED000AF510 /* ofxRtMidiOut.cpp */ = {isa = PBXFileReference; fileEncoding = 4; lastKnownFileType = sourcecode.cpp.cpp; name = ofxRtMidiOut.cpp; path = ../../../addons/ofxMidi/src/desktop/ofxRtMidiOut.cpp; sourceTree = SOURCE_ROOT; };
		2785187616503AED000AF510 /* ofxRtMidiOut.h */ = {isa = PBXFileReference; fileEncoding = 4; lastKnownFileType = sourcecode.c.h; name = ofxRtMidiOut.h; path = ../../../addons/ofxMidi/src/desktop/ofxRtMidiOut.h; sourceTree = SOURCE_ROOT; };
		2785187816503AED000AF510 /* readme */ = {isa = PBXFileReference; fileEncoding = 4; lastKnownFileType = text; name = readme; path = ../../../addons/ofxMidi/src/desktop/rtmidi/readme; sourceTree = SOURCE_ROOT; };
		2785187916503AED000AF510 /* RtError.h */ = {isa = PBXFileReference; fileEncoding = 4; lastKnownFileType = sourcecode.c.h; name = RtError.h; path = ../../../addons/ofxMidi/src/desktop/rtmidi/RtError.h; sourceTree = SOURCE_ROOT; };
		2785187A16503AED000AF510 /* RtMidi.cpp */ = {isa = PBXFileReference; fileEncoding = 4; lastKnownFileType = sourcecode.cpp.cpp; name = RtMidi.cpp; path = ../../../addons/ofxMidi/src/desktop/rtmidi/RtMidi.cpp; sourceTree = SOURCE_ROOT; };
		2785187B16503AED000AF510 /* RtMidi.h */ = {isa = PBXFileReference; fileEncoding = 4; lastKnownFileType = sourcecode.c.h; name = RtMidi.h; path = ../../../addons/ofxMidi/src/desktop/rtmidi/RtMidi.h; sourceTree = SOURCE_ROOT; };
		2785189116503AED000AF510 /* ofxBaseMidi.cpp */ = {isa = PBXFileReference; fileEncoding = 4; lastKnownFileType = sourcecode.cpp.cpp; name = ofxBaseMidi.cpp; path = ../../../addons/ofxMidi/src/ofxBaseMidi.cpp; sourceTree = SOURCE_ROOT; };
		2785189216503AED000AF510 /* ofxBaseMidi.h */ = {isa = PBXFileReference; fileEncoding = 4; lastKnownFileType = sourcecode.c.h; name = ofxBaseMidi.h; path = ../../../addons/ofxMidi/src/ofxBaseMidi.h; sourceTree = SOURCE_ROOT; };
		2785189316503AED000AF510 /* ofxMidi.cpp */ = {isa = PBXFileReference; fileEncoding = 4; lastKnownFileType = sourcecode.cpp.cpp; name = ofxMidi.cpp; path = ../../../addons/ofxMidi/src/ofxMidi.cpp; sourceTree = SOURCE_ROOT; };
		2785189416503AED000AF510 /* ofxMidi.h */ = {isa = PBXFileReference; fileEncoding = 4; lastKnownFileType = sourcecode.c.h; name = ofxMidi.h; path = ../../../addons/ofxMidi/src/ofxMidi.h; sourceTree = SOURCE_ROOT; };
		2785189516503AED000AF510 /* ofxMidiConstants.h */ = {isa = PBXFileReference; fileEncoding = 4; lastKnownFileType = sourcecode.c.h; name = ofxMidiConstants.h; path = ../../../addons/ofxMidi/src/ofxMidiConstants.h; sourceTree = SOURCE_ROOT; };
		2785189616503AED000AF510 /* ofxMidiIn.cpp */ = {isa = PBXFileReference; fileEncoding = 4; lastKnownFileType = sourcecode.cpp.cpp; name = ofxMidiIn.cpp; path = ../../../addons/ofxMidi/src/ofxMidiIn.cpp; sourceTree = SOURCE_ROOT; };
		2785189716503AED000AF510 /* ofxMidiIn.h */ = {isa = PBXFileReference; fileEncoding = 4; lastKnownFileType = sourcecode.c.h; name = ofxMidiIn.h; path = ../../../addons/ofxMidi/src/ofxMidiIn.h; sourceTree = SOURCE_ROOT; };
		2785189816503AED000AF510 /* ofxMidiMessage.cpp */ = {isa = PBXFileReference; fileEncoding = 4; lastKnownFileType = sourcecode.cpp.cpp; name = ofxMidiMessage.cpp; path = ../../../addons/ofxMidi/src/ofxMidiMessage.cpp; sourceTree = SOURCE_ROOT; };
		2785189916503AED000AF510 /* ofxMidiMessage.h */ = {isa = PBXFileReference; fileEncoding = 4; lastKnownFileType = sourcecode.c.h; name = ofxMidiMessage.h; path = ../../../addons/ofxMidi/src/ofxMidiMessage.h; sourceTree = SOURCE_ROOT; };
		2785189A16503AED000AF510 /* ofxMidiOut.cpp */ = {isa = PBXFileReference; fileEncoding = 4; lastKnownFileType = sourcecode.cpp.cpp; name = ofxMidiOut.cpp; path = ../../../addons/ofxMidi/src/ofxMidiOut.cpp; sourceTree = SOURCE_ROOT; };
		2785189B16503AED000AF510 /* ofxMidiOut.h */ = {isa = PBXFileReference; fileEncoding = 4; lastKnownFileType = sourcecode.c.h; name = ofxMidiOut.h; path = ../../../addons/ofxMidi/src/ofxMidiOut.h; sourceTree = SOURCE_ROOT; };
		2785189C16503AED000AF510 /* ofxMidiTypes.h */ = {isa = PBXFileReference; fileEncoding = 4; lastKnownFileType = sourcecode.c.h; name = ofxMidiTypes.h; path = ../../../addons/ofxMidi/src/ofxMidiTypes.h; sourceTree = SOURCE_ROOT; };
		278518C9165046D2000AF510 /* IpEndpointName.cpp */ = {isa = PBXFileReference; fileEncoding = 4; lastKnownFileType = sourcecode.cpp.cpp; name = IpEndpointName.cpp; path = ../../../addons/ofxOsc/libs/oscpack/src/ip/IpEndpointName.cpp; sourceTree = SOURCE_ROOT; };
		278518CA165046D2000AF510 /* IpEndpointName.h */ = {isa = PBXFileReference; fileEncoding = 4; lastKnownFileType = sourcecode.c.h; name = IpEndpointName.h; path = ../../../addons/ofxOsc/libs/oscpack/src/ip/IpEndpointName.h; sourceTree = SOURCE_ROOT; };
		278518CB165046D2000AF510 /* NetworkingUtils.h */ = {isa = PBXFileReference; fileEncoding = 4; lastKnownFileType = sourcecode.c.h; name = NetworkingUtils.h; path = ../../../addons/ofxOsc/libs/oscpack/src/ip/NetworkingUtils.h; sourceTree = SOURCE_ROOT; };
		278518CC165046D2000AF510 /* PacketListener.h */ = {isa = PBXFileReference; fileEncoding = 4; lastKnownFileType = sourcecode.c.h; name = PacketListener.h; path = ../../../addons/ofxOsc/libs/oscpack/src/ip/PacketListener.h; sourceTree = SOURCE_ROOT; };
		278518CE165046D2000AF510 /* NetworkingUtils.cpp */ = {isa = PBXFileReference; fileEncoding = 4; lastKnownFileType = sourcecode.cpp.cpp; name = NetworkingUtils.cpp; path = ../../../addons/ofxOsc/libs/oscpack/src/ip/posix/NetworkingUtils.cpp; sourceTree = SOURCE_ROOT; };
		278518CF165046D2000AF510 /* UdpSocket.cpp */ = {isa = PBXFileReference; fileEncoding = 4; lastKnownFileType = sourcecode.cpp.cpp; name = UdpSocket.cpp; path = ../../../addons/ofxOsc/libs/oscpack/src/ip/posix/UdpSocket.cpp; sourceTree = SOURCE_ROOT; };
		278518D0165046D2000AF510 /* TimerListener.h */ = {isa = PBXFileReference; fileEncoding = 4; lastKnownFileType = sourcecode.c.h; name = TimerListener.h; path = ../../../addons/ofxOsc/libs/oscpack/src/ip/TimerListener.h; sourceTree = SOURCE_ROOT; };
		278518D1165046D2000AF510 /* UdpSocket.h */ = {isa = PBXFileReference; fileEncoding = 4; lastKnownFileType = sourcecode.c.h; name = UdpSocket.h; path = ../../../addons/ofxOsc/libs/oscpack/src/ip/UdpSocket.h; sourceTree = SOURCE_ROOT; };
		278518D3165046D2000AF510 /* NetworkingUtilsWin.cpp */ = {isa = PBXFileReference; fileEncoding = 4; lastKnownFileType = sourcecode.cpp.cpp; name = NetworkingUtilsWin.cpp; path = ../../../addons/ofxOsc/libs/oscpack/src/ip/win32/NetworkingUtilsWin.cpp; sourceTree = SOURCE_ROOT; };
		278518D4165046D2000AF510 /* UdpSocketWin.cpp */ = {isa = PBXFileReference; fileEncoding = 4; lastKnownFileType = sourcecode.cpp.cpp; name = UdpSocketWin.cpp; path = ../../../addons/ofxOsc/libs/oscpack/src/ip/win32/UdpSocketWin.cpp; sourceTree = SOURCE_ROOT; };
		278518D6165046D2000AF510 /* MessageMappingOscPacketListener.h */ = {isa = PBXFileReference; fileEncoding = 4; lastKnownFileType = sourcecode.c.h; name = MessageMappingOscPacketListener.h; path = ../../../addons/ofxOsc/libs/oscpack/src/osc/MessageMappingOscPacketListener.h; sourceTree = SOURCE_ROOT; };
		278518D7165046D2000AF510 /* OscException.h */ = {isa = PBXFileReference; fileEncoding = 4; lastKnownFileType = sourcecode.c.h; name = OscException.h; path = ../../../addons/ofxOsc/libs/oscpack/src/osc/OscException.h; sourceTree = SOURCE_ROOT; };
		278518D8165046D2000AF510 /* OscHostEndianness.h */ = {isa = PBXFileReference; fileEncoding = 4; lastKnownFileType = sourcecode.c.h; name = OscHostEndianness.h; path = ../../../addons/ofxOsc/libs/oscpack/src/osc/OscHostEndianness.h; sourceTree = SOURCE_ROOT; };
		278518D9165046D2000AF510 /* OscOutboundPacketStream.cpp */ = {isa = PBXFileReference; fileEncoding = 4; lastKnownFileType = sourcecode.cpp.cpp; name = OscOutboundPacketStream.cpp; path = ../../../addons/ofxOsc/libs/oscpack/src/osc/OscOutboundPacketStream.cpp; sourceTree = SOURCE_ROOT; };
		278518DA165046D2000AF510 /* OscOutboundPacketStream.h */ = {isa = PBXFileReference; fileEncoding = 4; lastKnownFileType = sourcecode.c.h; name = OscOutboundPacketStream.h; path = ../../../addons/ofxOsc/libs/oscpack/src/osc/OscOutboundPacketStream.h; sourceTree = SOURCE_ROOT; };
		278518DB165046D2000AF510 /* OscPacketListener.h */ = {isa = PBXFileReference; fileEncoding = 4; lastKnownFileType = sourcecode.c.h; name = OscPacketListener.h; path = ../../../addons/ofxOsc/libs/oscpack/src/osc/OscPacketListener.h; sourceTree = SOURCE_ROOT; };
		278518DC165046D2000AF510 /* OscPrintReceivedElements.cpp */ = {isa = PBXFileReference; fileEncoding = 4; lastKnownFileType = sourcecode.cpp.cpp; name = OscPrintReceivedElements.cpp; path = ../../../addons/ofxOsc/libs/oscpack/src/osc/OscPrintReceivedElements.cpp; sourceTree = SOURCE_ROOT; };
		278518DD165046D2000AF510 /* OscPrintReceivedElements.h */ = {isa = PBXFileReference; fileEncoding = 4; lastKnownFileType = sourcecode.c.h; name = OscPrintReceivedElements.h; path = ../../../addons/ofxOsc/libs/oscpack/src/osc/OscPrintReceivedElements.h; sourceTree = SOURCE_ROOT; };
		278518DE165046D2000AF510 /* OscReceivedElements.cpp */ = {isa = PBXFileReference; fileEncoding = 4; lastKnownFileType = sourcecode.cpp.cpp; name = OscReceivedElements.cpp; path = ../../../addons/ofxOsc/libs/oscpack/src/osc/OscReceivedElements.cpp; sourceTree = SOURCE_ROOT; };
		278518DF165046D2000AF510 /* OscReceivedElements.h */ = {isa = PBXFileReference; fileEncoding = 4; lastKnownFileType = sourcecode.c.h; name = OscReceivedElements.h; path = ../../../addons/ofxOsc/libs/oscpack/src/osc/OscReceivedElements.h; sourceTree = SOURCE_ROOT; };
		278518E0165046D2000AF510 /* OscTypes.cpp */ = {isa = PBXFileReference; fileEncoding = 4; lastKnownFileType = sourcecode.cpp.cpp; name = OscTypes.cpp; path = ../../../addons/ofxOsc/libs/oscpack/src/osc/OscTypes.cpp; sourceTree = SOURCE_ROOT; };
		278518E1165046D2000AF510 /* OscTypes.h */ = {isa = PBXFileReference; fileEncoding = 4; lastKnownFileType = sourcecode.c.h; name = OscTypes.h; path = ../../../addons/ofxOsc/libs/oscpack/src/osc/OscTypes.h; sourceTree = SOURCE_ROOT; };
		278518E3165046D2000AF510 /* ofxOsc.h */ = {isa = PBXFileReference; fileEncoding = 4; lastKnownFileType = sourcecode.c.h; name = ofxOsc.h; path = ../../../addons/ofxOsc/src/ofxOsc.h; sourceTree = SOURCE_ROOT; };
		278518E4165046D2000AF510 /* ofxOscArg.h */ = {isa = PBXFileReference; fileEncoding = 4; lastKnownFileType = sourcecode.c.h; name = ofxOscArg.h; path = ../../../addons/ofxOsc/src/ofxOscArg.h; sourceTree = SOURCE_ROOT; };
		278518E5165046D2000AF510 /* ofxOscBundle.cpp */ = {isa = PBXFileReference; fileEncoding = 4; lastKnownFileType = sourcecode.cpp.cpp; name = ofxOscBundle.cpp; path = ../../../addons/ofxOsc/src/ofxOscBundle.cpp; sourceTree = SOURCE_ROOT; };
		278518E6165046D2000AF510 /* ofxOscBundle.h */ = {isa = PBXFileReference; fileEncoding = 4; lastKnownFileType = sourcecode.c.h; name = ofxOscBundle.h; path = ../../../addons/ofxOsc/src/ofxOscBundle.h; sourceTree = SOURCE_ROOT; };
		278518E7165046D2000AF510 /* ofxOscMessage.cpp */ = {isa = PBXFileReference; fileEncoding = 4; lastKnownFileType = sourcecode.cpp.cpp; name = ofxOscMessage.cpp; path = ../../../addons/ofxOsc/src/ofxOscMessage.cpp; sourceTree = SOURCE_ROOT; };
		278518E8165046D2000AF510 /* ofxOscMessage.h */ = {isa = PBXFileReference; fileEncoding = 4; lastKnownFileType = sourcecode.c.h; name = ofxOscMessage.h; path = ../../../addons/ofxOsc/src/ofxOscMessage.h; sourceTree = SOURCE_ROOT; };
		278518E9165046D2000AF510 /* ofxOscReceiver.cpp */ = {isa = PBXFileReference; fileEncoding = 4; lastKnownFileType = sourcecode.cpp.cpp; name = ofxOscReceiver.cpp; path = ../../../addons/ofxOsc/src/ofxOscReceiver.cpp; sourceTree = SOURCE_ROOT; };
		278518EA165046D2000AF510 /* ofxOscReceiver.h */ = {isa = PBXFileReference; fileEncoding = 4; lastKnownFileType = sourcecode.c.h; name = ofxOscReceiver.h; path = ../../../addons/ofxOsc/src/ofxOscReceiver.h; sourceTree = SOURCE_ROOT; };
		278518EB165046D2000AF510 /* ofxOscSender.cpp */ = {isa = PBXFileReference; fileEncoding = 4; lastKnownFileType = sourcecode.cpp.cpp; name = ofxOscSender.cpp; path = ../../../addons/ofxOsc/src/ofxOscSender.cpp; sourceTree = SOURCE_ROOT; };
		278518EC165046D2000AF510 /* ofxOscSender.h */ = {isa = PBXFileReference; fileEncoding = 4; lastKnownFileType = sourcecode.c.h; name = ofxOscSender.h; path = ../../../addons/ofxOsc/src/ofxOscSender.h; sourceTree = SOURCE_ROOT; };
		2785197B16505383000AF510 /* MiniFont.h */ = {isa = PBXFileReference; fileEncoding = 4; lastKnownFileType = sourcecode.c.h; name = MiniFont.h; path = src/MiniFont.h; sourceTree = SOURCE_ROOT; };
		2785199416505520000AF510 /* MiniFont.cpp */ = {isa = PBXFileReference; fileEncoding = 4; lastKnownFileType = sourcecode.cpp.cpp; path = MiniFont.cpp; sourceTree = "<group>"; };
		BBAB23BE13894E4700AA2426 /* GLUT.framework */ = {isa = PBXFileReference; lastKnownFileType = wrapper.framework; name = GLUT.framework; path = ../../../libs/glut/lib/osx/GLUT.framework; sourceTree = "<group>"; };
		C1DA593B164EF14400B4F2CF /* DriverInterface.h */ = {isa = PBXFileReference; fileEncoding = 4; lastKnownFileType = sourcecode.c.h; path = DriverInterface.h; sourceTree = "<group>"; };
		E4328143138ABC890047C5CB /* openFrameworksLib.xcodeproj */ = {isa = PBXFileReference; lastKnownFileType = "wrapper.pb-project"; name = openFrameworksLib.xcodeproj; path = ../../../libs/openFrameworksCompiled/project/osx/openFrameworksLib.xcodeproj; sourceTree = SOURCE_ROOT; };
		E45BE9710E8CC7DD009D7055 /* AGL.framework */ = {isa = PBXFileReference; lastKnownFileType = wrapper.framework; name = AGL.framework; path = /System/Library/Frameworks/AGL.framework; sourceTree = "<absolute>"; };
		E45BE9720E8CC7DD009D7055 /* ApplicationServices.framework */ = {isa = PBXFileReference; lastKnownFileType = wrapper.framework; name = ApplicationServices.framework; path = /System/Library/Frameworks/ApplicationServices.framework; sourceTree = "<absolute>"; };
		E45BE9730E8CC7DD009D7055 /* AudioToolbox.framework */ = {isa = PBXFileReference; lastKnownFileType = wrapper.framework; name = AudioToolbox.framework; path = /System/Library/Frameworks/AudioToolbox.framework; sourceTree = "<absolute>"; };
		E45BE9740E8CC7DD009D7055 /* Carbon.framework */ = {isa = PBXFileReference; lastKnownFileType = wrapper.framework; name = Carbon.framework; path = /System/Library/Frameworks/Carbon.framework; sourceTree = "<absolute>"; };
		E45BE9750E8CC7DD009D7055 /* CoreAudio.framework */ = {isa = PBXFileReference; lastKnownFileType = wrapper.framework; name = CoreAudio.framework; path = /System/Library/Frameworks/CoreAudio.framework; sourceTree = "<absolute>"; };
		E45BE9760E8CC7DD009D7055 /* CoreFoundation.framework */ = {isa = PBXFileReference; lastKnownFileType = wrapper.framework; name = CoreFoundation.framework; path = /System/Library/Frameworks/CoreFoundation.framework; sourceTree = "<absolute>"; };
		E45BE9770E8CC7DD009D7055 /* CoreServices.framework */ = {isa = PBXFileReference; lastKnownFileType = wrapper.framework; name = CoreServices.framework; path = /System/Library/Frameworks/CoreServices.framework; sourceTree = "<absolute>"; };
		E45BE9790E8CC7DD009D7055 /* OpenGL.framework */ = {isa = PBXFileReference; lastKnownFileType = wrapper.framework; name = OpenGL.framework; path = /System/Library/Frameworks/OpenGL.framework; sourceTree = "<absolute>"; };
		E45BE97A0E8CC7DD009D7055 /* QuickTime.framework */ = {isa = PBXFileReference; lastKnownFileType = wrapper.framework; name = QuickTime.framework; path = /System/Library/Frameworks/QuickTime.framework; sourceTree = "<absolute>"; };
		E4B69B5B0A3A1756003C02F2 /* ofAppDebug.app */ = {isa = PBXFileReference; explicitFileType = wrapper.application; includeInIndex = 0; path = ofAppDebug.app; sourceTree = BUILT_PRODUCTS_DIR; };
		E4B69E1D0A3A1BDC003C02F2 /* main.cpp */ = {isa = PBXFileReference; fileEncoding = 30; lastKnownFileType = sourcecode.cpp.cpp; name = main.cpp; path = src/main.cpp; sourceTree = SOURCE_ROOT; };
		E4B6FCAD0C3E899E008CF71C /* openFrameworks-Info.plist */ = {isa = PBXFileReference; fileEncoding = 30; lastKnownFileType = text.plist.xml; path = "openFrameworks-Info.plist"; sourceTree = "<group>"; };
		E4C2424410CC5A17004149E2 /* AppKit.framework */ = {isa = PBXFileReference; lastKnownFileType = wrapper.framework; name = AppKit.framework; path = /System/Library/Frameworks/AppKit.framework; sourceTree = "<absolute>"; };
		E4C2424510CC5A17004149E2 /* Cocoa.framework */ = {isa = PBXFileReference; lastKnownFileType = wrapper.framework; name = Cocoa.framework; path = /System/Library/Frameworks/Cocoa.framework; sourceTree = "<absolute>"; };
		E4C2424610CC5A17004149E2 /* IOKit.framework */ = {isa = PBXFileReference; lastKnownFileType = wrapper.framework; name = IOKit.framework; path = /System/Library/Frameworks/IOKit.framework; sourceTree = "<absolute>"; };
		E4EB691F138AFCF100A09F29 /* CoreOF.xcconfig */ = {isa = PBXFileReference; fileEncoding = 4; lastKnownFileType = text.xcconfig; name = CoreOF.xcconfig; path = ../../../libs/openFrameworksCompiled/project/osx/CoreOF.xcconfig; sourceTree = SOURCE_ROOT; };
		E4EB6923138AFD0F00A09F29 /* Project.xcconfig */ = {isa = PBXFileReference; fileEncoding = 4; lastKnownFileType = text.xcconfig; path = Project.xcconfig; sourceTree = "<group>"; };
		E7E077E415D3B63C0020DFD4 /* CoreVideo.framework */ = {isa = PBXFileReference; lastKnownFileType = wrapper.framework; name = CoreVideo.framework; path = /System/Library/Frameworks/CoreVideo.framework; sourceTree = "<absolute>"; };
		E7E077E715D3B6510020DFD4 /* QTKit.framework */ = {isa = PBXFileReference; lastKnownFileType = wrapper.framework; name = QTKit.framework; path = /System/Library/Frameworks/QTKit.framework; sourceTree = "<absolute>"; };
		E7F985F515E0DE99003869B5 /* Accelerate.framework */ = {isa = PBXFileReference; lastKnownFileType = wrapper.framework; name = Accelerate.framework; path = /System/Library/Frameworks/Accelerate.framework; sourceTree = "<absolute>"; };
/* End PBXFileReference section */

/* Begin PBXFrameworksBuildPhase section */
		E4B69B590A3A1756003C02F2 /* Frameworks */ = {
			isa = PBXFrameworksBuildPhase;
			buildActionMask = 2147483647;
			files = (
				E7F985F815E0DEA3003869B5 /* Accelerate.framework in Frameworks */,
				E7E077E815D3B6510020DFD4 /* QTKit.framework in Frameworks */,
				E4EB6799138ADC1D00A09F29 /* GLUT.framework in Frameworks */,
				E4328149138ABC9F0047C5CB /* openFrameworks.a in Frameworks */,
				E45BE97B0E8CC7DD009D7055 /* AGL.framework in Frameworks */,
				E45BE97C0E8CC7DD009D7055 /* ApplicationServices.framework in Frameworks */,
				E45BE97D0E8CC7DD009D7055 /* AudioToolbox.framework in Frameworks */,
				E45BE97E0E8CC7DD009D7055 /* Carbon.framework in Frameworks */,
				E45BE97F0E8CC7DD009D7055 /* CoreAudio.framework in Frameworks */,
				E45BE9800E8CC7DD009D7055 /* CoreFoundation.framework in Frameworks */,
				E45BE9810E8CC7DD009D7055 /* CoreServices.framework in Frameworks */,
				E45BE9830E8CC7DD009D7055 /* OpenGL.framework in Frameworks */,
				E45BE9840E8CC7DD009D7055 /* QuickTime.framework in Frameworks */,
				E4C2424710CC5A17004149E2 /* AppKit.framework in Frameworks */,
				E4C2424810CC5A17004149E2 /* Cocoa.framework in Frameworks */,
				E4C2424910CC5A17004149E2 /* IOKit.framework in Frameworks */,
				E7E077E515D3B63C0020DFD4 /* CoreVideo.framework in Frameworks */,
				278517D31650282E000AF510 /* CoreMIDI.framework in Frameworks */,
			);
			runOnlyForDeploymentPostprocessing = 0;
		};
/* End PBXFrameworksBuildPhase section */

/* Begin PBXGroup section */
		272BD4F9164CFA270047E7EB /* src */ = {
			isa = PBXGroup;
			children = (
				272BD4F5164CFA270047E7EB /* ofx3DBaseLoader.h */,
				272BD4F6164CFA270047E7EB /* ofxAssimpMeshHelper.h */,
				272BD4F7164CFA270047E7EB /* ofxAssimpModelLoader.cpp */,
				272BD4F8164CFA270047E7EB /* ofxAssimpModelLoader.h */,
			);
			name = src;
			sourceTree = "<group>";
		};
		272BD512164CFA270047E7EB /* Compiler */ = {
			isa = PBXGroup;
			children = (
				272BD510164CFA270047E7EB /* poppack1.h */,
				272BD511164CFA270047E7EB /* pushpack1.h */,
			);
			name = Compiler;
			sourceTree = "<group>";
		};
		272BD51A164CFA270047E7EB /* include */ = {
			isa = PBXGroup;
			children = (
				272BD4FA164CFA270047E7EB /* aiAnim.h */,
				272BD4FB164CFA270047E7EB /* aiAssert.h */,
				272BD4FC164CFA270047E7EB /* aiCamera.h */,
				272BD4FD164CFA270047E7EB /* aiColor4D.h */,
				272BD4FE164CFA270047E7EB /* aiConfig.h */,
				272BD4FF164CFA270047E7EB /* aiDefines.h */,
				272BD500164CFA270047E7EB /* aiFileIO.h */,
				272BD501164CFA270047E7EB /* aiLight.h */,
				272BD502164CFA270047E7EB /* aiMaterial.h */,
				272BD503164CFA270047E7EB /* aiMatrix3x3.h */,
				272BD504164CFA270047E7EB /* aiMatrix4x4.h */,
				272BD505164CFA270047E7EB /* aiMesh.h */,
				272BD506164CFA270047E7EB /* aiPostProcess.h */,
				272BD507164CFA270047E7EB /* aiQuaternion.h */,
				272BD508164CFA270047E7EB /* aiScene.h */,
				272BD509164CFA270047E7EB /* aiTexture.h */,
				272BD50A164CFA270047E7EB /* aiTypes.h */,
				272BD50B164CFA270047E7EB /* aiVector2D.h */,
				272BD50C164CFA270047E7EB /* aiVector3D.h */,
				272BD50D164CFA270047E7EB /* aiVersion.h */,
				272BD50E164CFA270047E7EB /* assimp.h */,
				272BD50F164CFA270047E7EB /* assimp.hpp */,
				272BD512164CFA270047E7EB /* Compiler */,
				272BD513164CFA270047E7EB /* DefaultLogger.h */,
				272BD514164CFA270047E7EB /* IOStream.h */,
				272BD515164CFA270047E7EB /* IOSystem.h */,
				272BD516164CFA270047E7EB /* Logger.h */,
				272BD517164CFA270047E7EB /* LogStream.h */,
				272BD518164CFA270047E7EB /* NullLogger.h */,
				272BD519164CFA270047E7EB /* ProgressHandler.h */,
			);
			name = include;
			sourceTree = "<group>";
		};
		272BD51B164CFA270047E7EB /* assimp */ = {
			isa = PBXGroup;
			children = (
				272BD51A164CFA270047E7EB /* include */,
			);
			name = assimp;
			sourceTree = "<group>";
		};
		272BD51C164CFA270047E7EB /* libs */ = {
			isa = PBXGroup;
			children = (
				272BD51B164CFA270047E7EB /* assimp */,
			);
			name = libs;
			sourceTree = "<group>";
		};
		272BD51D164CFA270047E7EB /* ofxAssimpModelLoader */ = {
			isa = PBXGroup;
			children = (
				272BD4F9164CFA270047E7EB /* src */,
				272BD51C164CFA270047E7EB /* libs */,
			);
			name = ofxAssimpModelLoader;
			sourceTree = "<group>";
		};
		278518051650314E000AF510 /* ofxTiming */ = {
			isa = PBXGroup;
			children = (
				278518081650314E000AF510 /* src */,
			);
			name = ofxTiming;
			path = ../../../addons/ofxTiming;
			sourceTree = SOURCE_ROOT;
		};
		278518081650314E000AF510 /* src */ = {
			isa = PBXGroup;
			children = (
				278518091650314E000AF510 /* DelayTimer.h */,
				2785180A1650314E000AF510 /* FadeTimer.h */,
				2785180B1650314E000AF510 /* Hysteresis.h */,
				2785180C1650314E000AF510 /* ofxTiming.h */,
				2785180D1650314E000AF510 /* RateTimer.h */,
			);
			name = src;
			path = ../../../addons/ofxTiming/src;
			sourceTree = SOURCE_ROOT;
		};
		2785186E16503ADE000AF510 /* ofxMidi */ = {
			isa = PBXGroup;
			children = (
				2785187116503AED000AF510 /* src */,
			);
			name = ofxMidi;
			sourceTree = "<group>";
		};
		2785187116503AED000AF510 /* src */ = {
			isa = PBXGroup;
			children = (
				2785187216503AED000AF510 /* desktop */,
				2785189116503AED000AF510 /* ofxBaseMidi.cpp */,
				2785189216503AED000AF510 /* ofxBaseMidi.h */,
				2785189316503AED000AF510 /* ofxMidi.cpp */,
				2785189416503AED000AF510 /* ofxMidi.h */,
				2785189516503AED000AF510 /* ofxMidiConstants.h */,
				2785189616503AED000AF510 /* ofxMidiIn.cpp */,
				2785189716503AED000AF510 /* ofxMidiIn.h */,
				2785189816503AED000AF510 /* ofxMidiMessage.cpp */,
				2785189916503AED000AF510 /* ofxMidiMessage.h */,
				2785189A16503AED000AF510 /* ofxMidiOut.cpp */,
				2785189B16503AED000AF510 /* ofxMidiOut.h */,
				2785189C16503AED000AF510 /* ofxMidiTypes.h */,
			);
			name = src;
			path = ../../../addons/ofxMidi/src;
			sourceTree = SOURCE_ROOT;
		};
		2785187216503AED000AF510 /* desktop */ = {
			isa = PBXGroup;
			children = (
				2785187316503AED000AF510 /* ofxRtMidiIn.cpp */,
				2785187416503AED000AF510 /* ofxRtMidiIn.h */,
				2785187516503AED000AF510 /* ofxRtMidiOut.cpp */,
				2785187616503AED000AF510 /* ofxRtMidiOut.h */,
				2785187716503AED000AF510 /* rtmidi */,
			);
			name = desktop;
			path = ../../../addons/ofxMidi/src/desktop;
			sourceTree = SOURCE_ROOT;
		};
		2785187716503AED000AF510 /* rtmidi */ = {
			isa = PBXGroup;
			children = (
				2785187816503AED000AF510 /* readme */,
				2785187916503AED000AF510 /* RtError.h */,
				2785187A16503AED000AF510 /* RtMidi.cpp */,
				2785187B16503AED000AF510 /* RtMidi.h */,
			);
			name = rtmidi;
			path = ../../../addons/ofxMidi/src/desktop/rtmidi;
			sourceTree = SOURCE_ROOT;
		};
		278518C3165046D2000AF510 /* ofxOsc */ = {
			isa = PBXGroup;
			children = (
				278518C5165046D2000AF510 /* libs */,
				278518E2165046D2000AF510 /* src */,
			);
			name = ofxOsc;
			path = ../../../addons/ofxOsc;
			sourceTree = SOURCE_ROOT;
		};
		278518C5165046D2000AF510 /* libs */ = {
			isa = PBXGroup;
			children = (
				278518C6165046D2000AF510 /* oscpack */,
			);
			name = libs;
			path = ../../../addons/ofxOsc/libs;
			sourceTree = SOURCE_ROOT;
		};
		278518C6165046D2000AF510 /* oscpack */ = {
			isa = PBXGroup;
			children = (
				278518C7165046D2000AF510 /* src */,
			);
			name = oscpack;
			path = ../../../addons/ofxOsc/libs/oscpack;
			sourceTree = SOURCE_ROOT;
		};
		278518C7165046D2000AF510 /* src */ = {
			isa = PBXGroup;
			children = (
				278518C8165046D2000AF510 /* ip */,
				278518D5165046D2000AF510 /* osc */,
			);
			name = src;
			path = ../../../addons/ofxOsc/libs/oscpack/src;
			sourceTree = SOURCE_ROOT;
		};
		278518C8165046D2000AF510 /* ip */ = {
			isa = PBXGroup;
			children = (
				278518C9165046D2000AF510 /* IpEndpointName.cpp */,
				278518CA165046D2000AF510 /* IpEndpointName.h */,
				278518CB165046D2000AF510 /* NetworkingUtils.h */,
				278518CC165046D2000AF510 /* PacketListener.h */,
				278518CD165046D2000AF510 /* posix */,
				278518D0165046D2000AF510 /* TimerListener.h */,
				278518D1165046D2000AF510 /* UdpSocket.h */,
				278518D2165046D2000AF510 /* win32 */,
			);
			name = ip;
			path = ../../../addons/ofxOsc/libs/oscpack/src/ip;
			sourceTree = SOURCE_ROOT;
		};
		278518CD165046D2000AF510 /* posix */ = {
			isa = PBXGroup;
			children = (
				278518CE165046D2000AF510 /* NetworkingUtils.cpp */,
				278518CF165046D2000AF510 /* UdpSocket.cpp */,
			);
			name = posix;
			path = ../../../addons/ofxOsc/libs/oscpack/src/ip/posix;
			sourceTree = SOURCE_ROOT;
		};
		278518D2165046D2000AF510 /* win32 */ = {
			isa = PBXGroup;
			children = (
				278518D3165046D2000AF510 /* NetworkingUtilsWin.cpp */,
				278518D4165046D2000AF510 /* UdpSocketWin.cpp */,
			);
			name = win32;
			path = ../../../addons/ofxOsc/libs/oscpack/src/ip/win32;
			sourceTree = SOURCE_ROOT;
		};
		278518D5165046D2000AF510 /* osc */ = {
			isa = PBXGroup;
			children = (
				278518D6165046D2000AF510 /* MessageMappingOscPacketListener.h */,
				278518D7165046D2000AF510 /* OscException.h */,
				278518D8165046D2000AF510 /* OscHostEndianness.h */,
				278518D9165046D2000AF510 /* OscOutboundPacketStream.cpp */,
				278518DA165046D2000AF510 /* OscOutboundPacketStream.h */,
				278518DB165046D2000AF510 /* OscPacketListener.h */,
				278518DC165046D2000AF510 /* OscPrintReceivedElements.cpp */,
				278518DD165046D2000AF510 /* OscPrintReceivedElements.h */,
				278518DE165046D2000AF510 /* OscReceivedElements.cpp */,
				278518DF165046D2000AF510 /* OscReceivedElements.h */,
				278518E0165046D2000AF510 /* OscTypes.cpp */,
				278518E1165046D2000AF510 /* OscTypes.h */,
			);
			name = osc;
			path = ../../../addons/ofxOsc/libs/oscpack/src/osc;
			sourceTree = SOURCE_ROOT;
		};
		278518E2165046D2000AF510 /* src */ = {
			isa = PBXGroup;
			children = (
				278518E3165046D2000AF510 /* ofxOsc.h */,
				278518E4165046D2000AF510 /* ofxOscArg.h */,
				278518E5165046D2000AF510 /* ofxOscBundle.cpp */,
				278518E6165046D2000AF510 /* ofxOscBundle.h */,
				278518E7165046D2000AF510 /* ofxOscMessage.cpp */,
				278518E8165046D2000AF510 /* ofxOscMessage.h */,
				278518E9165046D2000AF510 /* ofxOscReceiver.cpp */,
				278518EA165046D2000AF510 /* ofxOscReceiver.h */,
				278518EB165046D2000AF510 /* ofxOscSender.cpp */,
				278518EC165046D2000AF510 /* ofxOscSender.h */,
			);
			name = src;
			path = ../../../addons/ofxOsc/src;
			sourceTree = SOURCE_ROOT;
		};
		BB4B014C10F69532006C3DED /* addons */ = {
			isa = PBXGroup;
			children = (
				278518C3165046D2000AF510 /* ofxOsc */,
				2785186E16503ADE000AF510 /* ofxMidi */,
				278518051650314E000AF510 /* ofxTiming */,
				272BD51D164CFA270047E7EB /* ofxAssimpModelLoader */,
			);
			name = addons;
			sourceTree = "<group>";
		};
		BBAB23C913894ECA00AA2426 /* system frameworks */ = {
			isa = PBXGroup;
			children = (
				278517D21650282E000AF510 /* CoreMIDI.framework */,
				E7F985F515E0DE99003869B5 /* Accelerate.framework */,
				E4C2424410CC5A17004149E2 /* AppKit.framework */,
				E4C2424510CC5A17004149E2 /* Cocoa.framework */,
				E4C2424610CC5A17004149E2 /* IOKit.framework */,
				E45BE9710E8CC7DD009D7055 /* AGL.framework */,
				E45BE9720E8CC7DD009D7055 /* ApplicationServices.framework */,
				E45BE9730E8CC7DD009D7055 /* AudioToolbox.framework */,
				E45BE9740E8CC7DD009D7055 /* Carbon.framework */,
				E45BE9750E8CC7DD009D7055 /* CoreAudio.framework */,
				E45BE9760E8CC7DD009D7055 /* CoreFoundation.framework */,
				E45BE9770E8CC7DD009D7055 /* CoreServices.framework */,
				E45BE9790E8CC7DD009D7055 /* OpenGL.framework */,
				E45BE97A0E8CC7DD009D7055 /* QuickTime.framework */,
				E7E077E415D3B63C0020DFD4 /* CoreVideo.framework */,
				E7E077E715D3B6510020DFD4 /* QTKit.framework */,
			);
			name = "system frameworks";
			sourceTree = "<group>";
		};
		BBAB23CA13894EDB00AA2426 /* 3rd party frameworks */ = {
			isa = PBXGroup;
			children = (
				BBAB23BE13894E4700AA2426 /* GLUT.framework */,
			);
			name = "3rd party frameworks";
			sourceTree = "<group>";
		};
		E4328144138ABC890047C5CB /* Products */ = {
			isa = PBXGroup;
			children = (
				E4328148138ABC890047C5CB /* openFrameworks.a */,
			);
			name = Products;
			sourceTree = "<group>";
		};
		E45BE5980E8CC70C009D7055 /* frameworks */ = {
			isa = PBXGroup;
			children = (
				BBAB23CA13894EDB00AA2426 /* 3rd party frameworks */,
				BBAB23C913894ECA00AA2426 /* system frameworks */,
			);
			name = frameworks;
			sourceTree = "<group>";
		};
		E4B69B4A0A3A1720003C02F2 = {
			isa = PBXGroup;
			children = (
				E4B6FCAD0C3E899E008CF71C /* openFrameworks-Info.plist */,
				E4EB6923138AFD0F00A09F29 /* Project.xcconfig */,
				E4B69E1C0A3A1BDC003C02F2 /* src */,
				E4EEC9E9138DF44700A80321 /* openFrameworks */,
				BB4B014C10F69532006C3DED /* addons */,
				E45BE5980E8CC70C009D7055 /* frameworks */,
				E4B69B5B0A3A1756003C02F2 /* ofAppDebug.app */,
			);
			sourceTree = "<group>";
		};
		E4B69E1C0A3A1BDC003C02F2 /* src */ = {
			isa = PBXGroup;
			children = (
				2785199416505520000AF510 /* MiniFont.cpp */,
				2785197B16505383000AF510 /* MiniFont.h */,
				27851542164F4376000AF510 /* Conversion.h */,
				2785153F164F4286000AF510 /* Speaker.cpp */,
				27851540164F4286000AF510 /* Speaker.h */,
				C1DA593B164EF14400B4F2CF /* DriverInterface.h */,
				2768D393164CFA5800A990A6 /* ofApp.cpp */,
				2768D394164CFA5800A990A6 /* ofApp.h */,
				E4B69E1D0A3A1BDC003C02F2 /* main.cpp */,
			);
			path = src;
			sourceTree = SOURCE_ROOT;
		};
		E4EEC9E9138DF44700A80321 /* openFrameworks */ = {
			isa = PBXGroup;
			children = (
				E4EB691F138AFCF100A09F29 /* CoreOF.xcconfig */,
				E4328143138ABC890047C5CB /* openFrameworksLib.xcodeproj */,
			);
			name = openFrameworks;
			sourceTree = "<group>";
		};
/* End PBXGroup section */

/* Begin PBXNativeTarget section */
		E4B69B5A0A3A1756003C02F2 /* ofApp */ = {
			isa = PBXNativeTarget;
			buildConfigurationList = E4B69B5F0A3A1757003C02F2 /* Build configuration list for PBXNativeTarget "ofApp" */;
			buildPhases = (
				E4B69B580A3A1756003C02F2 /* Sources */,
				E4B69B590A3A1756003C02F2 /* Frameworks */,
				E4B6FFFD0C3F9AB9008CF71C /* ShellScript */,
				E4C2427710CC5ABF004149E2 /* CopyFiles */,
			);
			buildRules = (
			);
			dependencies = (
				E4EEB9AC138B136A00A80321 /* PBXTargetDependency */,
			);
			name = ofApp;
			productName = myOFApp;
			productReference = E4B69B5B0A3A1756003C02F2 /* ofAppDebug.app */;
			productType = "com.apple.product-type.application";
		};
/* End PBXNativeTarget section */

/* Begin PBXProject section */
		E4B69B4C0A3A1720003C02F2 /* Project object */ = {
			isa = PBXProject;
			buildConfigurationList = E4B69B4D0A3A1720003C02F2 /* Build configuration list for PBXProject "ofApp" */;
			compatibilityVersion = "Xcode 2.4";
			hasScannedForEncodings = 0;
			knownRegions = (
				English,
				Japanese,
				French,
				German,
			);
			mainGroup = E4B69B4A0A3A1720003C02F2;
			productRefGroup = E4B69B4A0A3A1720003C02F2;
			projectDirPath = "";
			projectReferences = (
				{
					ProductGroup = E4328144138ABC890047C5CB /* Products */;
					ProjectRef = E4328143138ABC890047C5CB /* openFrameworksLib.xcodeproj */;
				},
			);
			projectRoot = "";
			targets = (
				E4B69B5A0A3A1756003C02F2 /* ofApp */,
			);
		};
/* End PBXProject section */

/* Begin PBXReferenceProxy section */
		E4328148138ABC890047C5CB /* openFrameworks.a */ = {
			isa = PBXReferenceProxy;
			fileType = archive.ar;
			path = openFrameworks.a;
			remoteRef = E4328147138ABC890047C5CB /* PBXContainerItemProxy */;
			sourceTree = BUILT_PRODUCTS_DIR;
		};
/* End PBXReferenceProxy section */

/* Begin PBXShellScriptBuildPhase section */
		E4B6FFFD0C3F9AB9008CF71C /* ShellScript */ = {
			isa = PBXShellScriptBuildPhase;
			buildActionMask = 2147483647;
			files = (
			);
			inputPaths = (
			);
			outputPaths = (
			);
			runOnlyForDeploymentPostprocessing = 0;
			shellPath = /bin/sh;
			shellScript = "cp -f ../../../libs/fmodex/lib/osx/libfmodex.dylib \"$TARGET_BUILD_DIR/$PRODUCT_NAME.app/Contents/MacOS/libfmodex.dylib\"; install_name_tool -change ./libfmodex.dylib @executable_path/libfmodex.dylib \"$TARGET_BUILD_DIR/$PRODUCT_NAME.app/Contents/MacOS/$PRODUCT_NAME\";";
		};
/* End PBXShellScriptBuildPhase section */

/* Begin PBXSourcesBuildPhase section */
		E4B69B580A3A1756003C02F2 /* Sources */ = {
			isa = PBXSourcesBuildPhase;
			buildActionMask = 2147483647;
			files = (
				E4B69E200A3A1BDC003C02F2 /* main.cpp in Sources */,
				272BD524164CFA270047E7EB /* ofxAssimpModelLoader.cpp in Sources */,
				2768D395164CFA5800A990A6 /* ofApp.cpp in Sources */,
				27851541164F4286000AF510 /* Speaker.cpp in Sources */,
				2785189D16503AED000AF510 /* ofxRtMidiIn.cpp in Sources */,
				2785189E16503AED000AF510 /* ofxRtMidiOut.cpp in Sources */,
				2785189F16503AED000AF510 /* RtMidi.cpp in Sources */,
				278518A816503AED000AF510 /* ofxBaseMidi.cpp in Sources */,
				278518A916503AED000AF510 /* ofxMidi.cpp in Sources */,
				278518AA16503AED000AF510 /* ofxMidiIn.cpp in Sources */,
				278518AB16503AED000AF510 /* ofxMidiMessage.cpp in Sources */,
				278518AC16503AED000AF510 /* ofxMidiOut.cpp in Sources */,
				278518ED165046D2000AF510 /* IpEndpointName.cpp in Sources */,
				278518EE165046D2000AF510 /* NetworkingUtils.cpp in Sources */,
				278518EF165046D2000AF510 /* UdpSocket.cpp in Sources */,
				278518F0165046D2000AF510 /* NetworkingUtilsWin.cpp in Sources */,
				278518F1165046D2000AF510 /* UdpSocketWin.cpp in Sources */,
				278518F2165046D2000AF510 /* OscOutboundPacketStream.cpp in Sources */,
				278518F3165046D2000AF510 /* OscPrintReceivedElements.cpp in Sources */,
				278518F4165046D2000AF510 /* OscReceivedElements.cpp in Sources */,
				278518F5165046D2000AF510 /* OscTypes.cpp in Sources */,
				278518F6165046D2000AF510 /* ofxOscBundle.cpp in Sources */,
				278518F7165046D2000AF510 /* ofxOscMessage.cpp in Sources */,
				278518F8165046D2000AF510 /* ofxOscReceiver.cpp in Sources */,
				278518F9165046D2000AF510 /* ofxOscSender.cpp in Sources */,
				2785199516505520000AF510 /* MiniFont.cpp in Sources */,
			);
			runOnlyForDeploymentPostprocessing = 0;
		};
/* End PBXSourcesBuildPhase section */

/* Begin PBXTargetDependency section */
		E4EEB9AC138B136A00A80321 /* PBXTargetDependency */ = {
			isa = PBXTargetDependency;
			name = openFrameworks;
			targetProxy = E4EEB9AB138B136A00A80321 /* PBXContainerItemProxy */;
		};
/* End PBXTargetDependency section */

/* Begin XCBuildConfiguration section */
		E4B69B4E0A3A1720003C02F2 /* Debug */ = {
			isa = XCBuildConfiguration;
			baseConfigurationReference = E4EB6923138AFD0F00A09F29 /* Project.xcconfig */;
			buildSettings = {
				ARCHS = "$(NATIVE_ARCH)";
				CONFIGURATION_BUILD_DIR = "$(SRCROOT)/bin/";
				COPY_PHASE_STRIP = NO;
				DEAD_CODE_STRIPPING = YES;
				GCC_AUTO_VECTORIZATION = YES;
				GCC_ENABLE_SSE3_EXTENSIONS = YES;
				GCC_ENABLE_SUPPLEMENTAL_SSE3_INSTRUCTIONS = YES;
				GCC_INLINES_ARE_PRIVATE_EXTERN = NO;
				GCC_OPTIMIZATION_LEVEL = 0;
				GCC_SYMBOLS_PRIVATE_EXTERN = NO;
				GCC_WARN_ABOUT_DEPRECATED_FUNCTIONS = YES;
				GCC_WARN_ABOUT_INVALID_OFFSETOF_MACRO = NO;
				GCC_WARN_ALLOW_INCOMPLETE_PROTOCOL = NO;
				GCC_WARN_UNINITIALIZED_AUTOS = NO;
				GCC_WARN_UNUSED_VALUE = NO;
				GCC_WARN_UNUSED_VARIABLE = NO;
				HEADER_SEARCH_PATHS = (
					"$(OF_CORE_HEADERS)",
					src,
					../../../addons/ofxOsc/libs,
					../../../addons/ofxOsc/libs/oscpack,
					../../../addons/ofxOsc/libs/oscpack/src,
					../../../addons/ofxOsc/libs/oscpack/src/ip,
					../../../addons/ofxOsc/libs/oscpack/src/ip/posix,
					../../../addons/ofxOsc/libs/oscpack/src/ip/win32,
					../../../addons/ofxOsc/libs/oscpack/src/osc,
					../../../addons/ofxOsc/src,
					../../../addons/ofxAssimpModelLoader/libs,
					../../../addons/ofxAssimpModelLoader/libs/assimp,
					../../../addons/ofxAssimpModelLoader/libs/assimp/include,
					../../../addons/ofxAssimpModelLoader/libs/assimp/include/Compiler,
					../../../addons/ofxAssimpModelLoader/libs/assimp/lib,
					../../../addons/ofxAssimpModelLoader/libs/assimp/lib/osx,
					../../../addons/ofxAssimpModelLoader/src,
				);
				OTHER_CPLUSPLUSFLAGS = (
					"-D__MACOSX_CORE__",
					"-lpthread",
					"-mtune=native",
				);
				OTHER_LDFLAGS = (
					"$(OF_CORE_LIBS)",
					../../../addons/ofxAssimpModelLoader/libs/assimp/lib/osx/assimp.a,
				);
				SDKROOT = "";
			};
			name = Debug;
		};
		E4B69B4F0A3A1720003C02F2 /* Release */ = {
			isa = XCBuildConfiguration;
			baseConfigurationReference = E4EB6923138AFD0F00A09F29 /* Project.xcconfig */;
			buildSettings = {
				ARCHS = "$(NATIVE_ARCH)";
				CONFIGURATION_BUILD_DIR = "$(SRCROOT)/bin/";
				COPY_PHASE_STRIP = YES;
				DEAD_CODE_STRIPPING = YES;
				GCC_AUTO_VECTORIZATION = YES;
				GCC_ENABLE_SSE3_EXTENSIONS = YES;
				GCC_ENABLE_SUPPLEMENTAL_SSE3_INSTRUCTIONS = YES;
				GCC_INLINES_ARE_PRIVATE_EXTERN = NO;
				GCC_OPTIMIZATION_LEVEL = 3;
				GCC_SYMBOLS_PRIVATE_EXTERN = NO;
				GCC_UNROLL_LOOPS = YES;
				GCC_WARN_ABOUT_DEPRECATED_FUNCTIONS = YES;
				GCC_WARN_ABOUT_INVALID_OFFSETOF_MACRO = NO;
				GCC_WARN_ALLOW_INCOMPLETE_PROTOCOL = NO;
				GCC_WARN_UNINITIALIZED_AUTOS = NO;
				GCC_WARN_UNUSED_VALUE = NO;
				GCC_WARN_UNUSED_VARIABLE = NO;
				HEADER_SEARCH_PATHS = (
					"$(OF_CORE_HEADERS)",
					src,
					../../../addons/ofxOsc/libs,
					../../../addons/ofxOsc/libs/oscpack,
					../../../addons/ofxOsc/libs/oscpack/src,
					../../../addons/ofxOsc/libs/oscpack/src/ip,
					../../../addons/ofxOsc/libs/oscpack/src/ip/posix,
					../../../addons/ofxOsc/libs/oscpack/src/ip/win32,
					../../../addons/ofxOsc/libs/oscpack/src/osc,
					../../../addons/ofxOsc/src,
					../../../addons/ofxAssimpModelLoader/libs,
					../../../addons/ofxAssimpModelLoader/libs/assimp,
					../../../addons/ofxAssimpModelLoader/libs/assimp/include,
					../../../addons/ofxAssimpModelLoader/libs/assimp/include/Compiler,
					../../../addons/ofxAssimpModelLoader/libs/assimp/lib,
					../../../addons/ofxAssimpModelLoader/libs/assimp/lib/osx,
					../../../addons/ofxAssimpModelLoader/src,
				);
				OTHER_CPLUSPLUSFLAGS = (
					"-D__MACOSX_CORE__",
					"-lpthread",
					"-mtune=native",
				);
				OTHER_LDFLAGS = (
					"$(OF_CORE_LIBS)",
					../../../addons/ofxAssimpModelLoader/libs/assimp/lib/osx/assimp.a,
				);
				SDKROOT = "";
			};
			name = Release;
		};
		E4B69B600A3A1757003C02F2 /* Debug */ = {
			isa = XCBuildConfiguration;
			buildSettings = {
				COPY_PHASE_STRIP = NO;
				FRAMEWORK_SEARCH_PATHS = (
					"$(inherited)",
					"$(FRAMEWORK_SEARCH_PATHS_QUOTED_FOR_TARGET_1)",
				);
				FRAMEWORK_SEARCH_PATHS_QUOTED_FOR_TARGET_1 = "\"$(SRCROOT)/../../../libs/glut/lib/osx\"";
				GCC_DYNAMIC_NO_PIC = NO;
				GCC_ENABLE_FIX_AND_CONTINUE = YES;
				GCC_GENERATE_DEBUGGING_SYMBOLS = YES;
				GCC_MODEL_TUNING = NONE;
				GCC_PRECOMPILE_PREFIX_HEADER = YES;
				GCC_PREFIX_HEADER = "$(SYSTEM_LIBRARY_DIR)/Frameworks/Carbon.framework/Headers/Carbon.h";
				INFOPLIST_FILE = "openFrameworks-Info.plist";
				INSTALL_PATH = "$(HOME)/Applications";
				LIBRARY_SEARCH_PATHS = (
					"$(inherited)",
					"$(LIBRARY_SEARCH_PATHS_QUOTED_FOR_TARGET_1)",
					"$(LIBRARY_SEARCH_PATHS_QUOTED_FOR_TARGET_2)",
					"$(LIBRARY_SEARCH_PATHS_QUOTED_FOR_TARGET_3)",
					"$(LIBRARY_SEARCH_PATHS_QUOTED_FOR_TARGET_4)",
					"$(LIBRARY_SEARCH_PATHS_QUOTED_FOR_TARGET_5)",
					"$(LIBRARY_SEARCH_PATHS_QUOTED_FOR_TARGET_6)",
					"$(LIBRARY_SEARCH_PATHS_QUOTED_FOR_TARGET_7)",
					"$(LIBRARY_SEARCH_PATHS_QUOTED_FOR_TARGET_8)",
					"$(LIBRARY_SEARCH_PATHS_QUOTED_FOR_TARGET_9)",
					"$(LIBRARY_SEARCH_PATHS_QUOTED_FOR_TARGET_10)",
					"$(LIBRARY_SEARCH_PATHS_QUOTED_FOR_TARGET_11)",
					"$(LIBRARY_SEARCH_PATHS_QUOTED_FOR_TARGET_12)",
					"$(LIBRARY_SEARCH_PATHS_QUOTED_FOR_TARGET_13)",
					"$(LIBRARY_SEARCH_PATHS_QUOTED_FOR_TARGET_14)",
					"$(LIBRARY_SEARCH_PATHS_QUOTED_FOR_TARGET_15)",
					"$(LIBRARY_SEARCH_PATHS_QUOTED_FOR_TARGET_2)",
					"$(LIBRARY_SEARCH_PATHS_QUOTED_FOR_TARGET_3)",
					"$(LIBRARY_SEARCH_PATHS_QUOTED_FOR_TARGET_7)",
					"$(LIBRARY_SEARCH_PATHS_QUOTED_FOR_TARGET_8)",
					"$(LIBRARY_SEARCH_PATHS_QUOTED_FOR_TARGET_9)",
					"$(LIBRARY_SEARCH_PATHS_QUOTED_FOR_TARGET_10)",
					"$(LIBRARY_SEARCH_PATHS_QUOTED_FOR_TARGET_11)",
					"$(LIBRARY_SEARCH_PATHS_QUOTED_FOR_TARGET_12)",
					"$(LIBRARY_SEARCH_PATHS_QUOTED_FOR_TARGET_13)",
					"$(LIBRARY_SEARCH_PATHS_QUOTED_FOR_TARGET_16)",
					"$(LIBRARY_SEARCH_PATHS_QUOTED_FOR_TARGET_17)",
					"$(LIBRARY_SEARCH_PATHS_QUOTED_FOR_TARGET_18)",
					"$(LIBRARY_SEARCH_PATHS_QUOTED_FOR_TARGET_19)",
					"$(LIBRARY_SEARCH_PATHS_QUOTED_FOR_TARGET_20)",
					"$(LIBRARY_SEARCH_PATHS_QUOTED_FOR_TARGET_21)",
					"$(LIBRARY_SEARCH_PATHS_QUOTED_FOR_TARGET_22)",
					"$(LIBRARY_SEARCH_PATHS_QUOTED_FOR_TARGET_23)",
					"$(LIBRARY_SEARCH_PATHS_QUOTED_FOR_TARGET_24)",
					"$(LIBRARY_SEARCH_PATHS_QUOTED_FOR_TARGET_25)",
					"$(LIBRARY_SEARCH_PATHS_QUOTED_FOR_TARGET_26)",
					"$(LIBRARY_SEARCH_PATHS_QUOTED_FOR_TARGET_27)",
					"$(LIBRARY_SEARCH_PATHS_QUOTED_FOR_TARGET_28)",
					"$(LIBRARY_SEARCH_PATHS_QUOTED_FOR_TARGET_29)",
					"$(LIBRARY_SEARCH_PATHS_QUOTED_FOR_TARGET_30)",
					"$(LIBRARY_SEARCH_PATHS_QUOTED_FOR_TARGET_31)",
					"$(LIBRARY_SEARCH_PATHS_QUOTED_FOR_TARGET_32)",
					"$(LIBRARY_SEARCH_PATHS_QUOTED_FOR_TARGET_33)",
					"$(LIBRARY_SEARCH_PATHS_QUOTED_FOR_TARGET_34)",
					"$(LIBRARY_SEARCH_PATHS_QUOTED_FOR_TARGET_35)",
					"$(LIBRARY_SEARCH_PATHS_QUOTED_FOR_TARGET_36)",
					"$(LIBRARY_SEARCH_PATHS_QUOTED_FOR_TARGET_37)",
					"$(LIBRARY_SEARCH_PATHS_QUOTED_FOR_TARGET_38)",
					"$(LIBRARY_SEARCH_PATHS_QUOTED_FOR_TARGET_39)",
					"$(LIBRARY_SEARCH_PATHS_QUOTED_FOR_TARGET_40)",
					"$(LIBRARY_SEARCH_PATHS_QUOTED_FOR_TARGET_41)",
					"$(LIBRARY_SEARCH_PATHS_QUOTED_FOR_TARGET_42)",
					"$(LIBRARY_SEARCH_PATHS_QUOTED_FOR_TARGET_43)",
					"$(LIBRARY_SEARCH_PATHS_QUOTED_FOR_TARGET_44)",
					"$(LIBRARY_SEARCH_PATHS_QUOTED_FOR_TARGET_45)",
					"$(LIBRARY_SEARCH_PATHS_QUOTED_FOR_TARGET_46)",
					"$(LIBRARY_SEARCH_PATHS_QUOTED_FOR_TARGET_47)",
					"$(LIBRARY_SEARCH_PATHS_QUOTED_FOR_TARGET_48)",
					"$(LIBRARY_SEARCH_PATHS_QUOTED_FOR_TARGET_49)",
					"$(LIBRARY_SEARCH_PATHS_QUOTED_FOR_TARGET_50)",
					"$(LIBRARY_SEARCH_PATHS_QUOTED_FOR_TARGET_51)",
					"$(LIBRARY_SEARCH_PATHS_QUOTED_FOR_TARGET_52)",
				);
				PREBINDING = NO;
				PRODUCT_NAME = "$(TARGET_NAME)Debug";
				SDKROOT = "";
				WRAPPER_EXTENSION = app;
			};
			name = Debug;
		};
		E4B69B610A3A1757003C02F2 /* Release */ = {
			isa = XCBuildConfiguration;
			buildSettings = {
				COPY_PHASE_STRIP = YES;
				FRAMEWORK_SEARCH_PATHS = (
					"$(inherited)",
					"$(FRAMEWORK_SEARCH_PATHS_QUOTED_FOR_TARGET_1)",
				);
				FRAMEWORK_SEARCH_PATHS_QUOTED_FOR_TARGET_1 = "\"$(SRCROOT)/../../../libs/glut/lib/osx\"";
				GCC_ENABLE_FIX_AND_CONTINUE = NO;
				GCC_GENERATE_DEBUGGING_SYMBOLS = YES;
				GCC_MODEL_TUNING = NONE;
				GCC_PRECOMPILE_PREFIX_HEADER = YES;
				GCC_PREFIX_HEADER = "$(SYSTEM_LIBRARY_DIR)/Frameworks/Carbon.framework/Headers/Carbon.h";
				INFOPLIST_FILE = "openFrameworks-Info.plist";
				INSTALL_PATH = "$(HOME)/Applications";
				LIBRARY_SEARCH_PATHS = (
					"$(inherited)",
					"$(LIBRARY_SEARCH_PATHS_QUOTED_FOR_TARGET_1)",
					"$(LIBRARY_SEARCH_PATHS_QUOTED_FOR_TARGET_2)",
					"$(LIBRARY_SEARCH_PATHS_QUOTED_FOR_TARGET_3)",
					"$(LIBRARY_SEARCH_PATHS_QUOTED_FOR_TARGET_4)",
					"$(LIBRARY_SEARCH_PATHS_QUOTED_FOR_TARGET_5)",
					"$(LIBRARY_SEARCH_PATHS_QUOTED_FOR_TARGET_6)",
					"$(LIBRARY_SEARCH_PATHS_QUOTED_FOR_TARGET_7)",
					"$(LIBRARY_SEARCH_PATHS_QUOTED_FOR_TARGET_8)",
					"$(LIBRARY_SEARCH_PATHS_QUOTED_FOR_TARGET_9)",
					"$(LIBRARY_SEARCH_PATHS_QUOTED_FOR_TARGET_10)",
					"$(LIBRARY_SEARCH_PATHS_QUOTED_FOR_TARGET_11)",
					"$(LIBRARY_SEARCH_PATHS_QUOTED_FOR_TARGET_12)",
					"$(LIBRARY_SEARCH_PATHS_QUOTED_FOR_TARGET_13)",
					"$(LIBRARY_SEARCH_PATHS_QUOTED_FOR_TARGET_14)",
					"$(LIBRARY_SEARCH_PATHS_QUOTED_FOR_TARGET_15)",
					"$(LIBRARY_SEARCH_PATHS_QUOTED_FOR_TARGET_2)",
					"$(LIBRARY_SEARCH_PATHS_QUOTED_1)",
					"$(LIBRARY_SEARCH_PATHS_QUOTED_FOR_TARGET_3)",
					"$(LIBRARY_SEARCH_PATHS_QUOTED_FOR_TARGET_7)",
					"$(LIBRARY_SEARCH_PATHS_QUOTED_FOR_TARGET_8)",
					"$(LIBRARY_SEARCH_PATHS_QUOTED_FOR_TARGET_9)",
					"$(LIBRARY_SEARCH_PATHS_QUOTED_FOR_TARGET_10)",
					"$(LIBRARY_SEARCH_PATHS_QUOTED_FOR_TARGET_11)",
					"$(LIBRARY_SEARCH_PATHS_QUOTED_FOR_TARGET_12)",
					"$(LIBRARY_SEARCH_PATHS_QUOTED_FOR_TARGET_13)",
					"$(LIBRARY_SEARCH_PATHS_QUOTED_FOR_TARGET_16)",
					"$(LIBRARY_SEARCH_PATHS_QUOTED_FOR_TARGET_17)",
					"$(LIBRARY_SEARCH_PATHS_QUOTED_FOR_TARGET_18)",
					"$(LIBRARY_SEARCH_PATHS_QUOTED_FOR_TARGET_19)",
					"$(LIBRARY_SEARCH_PATHS_QUOTED_FOR_TARGET_20)",
					"$(LIBRARY_SEARCH_PATHS_QUOTED_FOR_TARGET_21)",
					"$(LIBRARY_SEARCH_PATHS_QUOTED_FOR_TARGET_22)",
					"$(LIBRARY_SEARCH_PATHS_QUOTED_FOR_TARGET_23)",
					"$(LIBRARY_SEARCH_PATHS_QUOTED_FOR_TARGET_24)",
					"$(LIBRARY_SEARCH_PATHS_QUOTED_FOR_TARGET_25)",
					"$(LIBRARY_SEARCH_PATHS_QUOTED_FOR_TARGET_26)",
					"$(LIBRARY_SEARCH_PATHS_QUOTED_FOR_TARGET_27)",
					"$(LIBRARY_SEARCH_PATHS_QUOTED_FOR_TARGET_28)",
					"$(LIBRARY_SEARCH_PATHS_QUOTED_FOR_TARGET_29)",
					"$(LIBRARY_SEARCH_PATHS_QUOTED_FOR_TARGET_30)",
					"$(LIBRARY_SEARCH_PATHS_QUOTED_FOR_TARGET_31)",
					"$(LIBRARY_SEARCH_PATHS_QUOTED_FOR_TARGET_32)",
					"$(LIBRARY_SEARCH_PATHS_QUOTED_FOR_TARGET_33)",
					"$(LIBRARY_SEARCH_PATHS_QUOTED_FOR_TARGET_34)",
					"$(LIBRARY_SEARCH_PATHS_QUOTED_FOR_TARGET_35)",
					"$(LIBRARY_SEARCH_PATHS_QUOTED_FOR_TARGET_36)",
					"$(LIBRARY_SEARCH_PATHS_QUOTED_FOR_TARGET_37)",
					"$(LIBRARY_SEARCH_PATHS_QUOTED_FOR_TARGET_38)",
					"$(LIBRARY_SEARCH_PATHS_QUOTED_FOR_TARGET_39)",
					"$(LIBRARY_SEARCH_PATHS_QUOTED_FOR_TARGET_40)",
					"$(LIBRARY_SEARCH_PATHS_QUOTED_FOR_TARGET_41)",
					"$(LIBRARY_SEARCH_PATHS_QUOTED_FOR_TARGET_42)",
					"$(LIBRARY_SEARCH_PATHS_QUOTED_FOR_TARGET_43)",
					"$(LIBRARY_SEARCH_PATHS_QUOTED_FOR_TARGET_44)",
					"$(LIBRARY_SEARCH_PATHS_QUOTED_FOR_TARGET_45)",
					"$(LIBRARY_SEARCH_PATHS_QUOTED_FOR_TARGET_46)",
					"$(LIBRARY_SEARCH_PATHS_QUOTED_FOR_TARGET_47)",
					"$(LIBRARY_SEARCH_PATHS_QUOTED_FOR_TARGET_48)",
					"$(LIBRARY_SEARCH_PATHS_QUOTED_FOR_TARGET_49)",
					"$(LIBRARY_SEARCH_PATHS_QUOTED_FOR_TARGET_50)",
					"$(LIBRARY_SEARCH_PATHS_QUOTED_FOR_TARGET_51)",
				);
				PREBINDING = NO;
				PRODUCT_NAME = "$(TARGET_NAME)";
				SDKROOT = "";
				WRAPPER_EXTENSION = app;
			};
			name = Release;
		};
/* End XCBuildConfiguration section */

/* Begin XCConfigurationList section */
		E4B69B4D0A3A1720003C02F2 /* Build configuration list for PBXProject "ofApp" */ = {
			isa = XCConfigurationList;
			buildConfigurations = (
				E4B69B4E0A3A1720003C02F2 /* Debug */,
				E4B69B4F0A3A1720003C02F2 /* Release */,
			);
			defaultConfigurationIsVisible = 0;
			defaultConfigurationName = Release;
		};
		E4B69B5F0A3A1757003C02F2 /* Build configuration list for PBXNativeTarget "ofApp" */ = {
			isa = XCConfigurationList;
			buildConfigurations = (
				E4B69B600A3A1757003C02F2 /* Debug */,
				E4B69B610A3A1757003C02F2 /* Release */,
			);
			defaultConfigurationIsVisible = 0;
			defaultConfigurationName = Release;
		};
/* End XCConfigurationList section */
	};
	rootObject = E4B69B4C0A3A1720003C02F2 /* Project object */;
}
